
Microsoft Visual Studio Solution File, Format Version 12.00
# Visual Studio 2012
Project("{FAE04EC0-301F-11D3-BF4B-00C04F79EFBC}") = "TrabalhoFinal", "TrabalhoFinal\TrabalhoFinal.csproj", "{5C5FDD61-646B-487F-87B8-AEEFADA08201}"
EndProject
Global
	GlobalSection(SolutionConfigurationPlatforms) = preSolution
		Debug|Any CPU = Debug|Any CPU
		Release|Any CPU = Release|Any CPU
	EndGlobalSection
	GlobalSection(ProjectConfigurationPlatforms) = postSolution
		{5C5FDD61-646B-487F-87B8-AEEFADA08201}.Debug|Any CPU.ActiveCfg = Debug|Any CPU
		{5C5FDD61-646B-487F-87B8-AEEFADA08201}.Debug|Any CPU.Build.0 = Debug|Any CPU
		{5C5FDD61-646B-487F-87B8-AEEFADA08201}.Release|Any CPU.ActiveCfg = Release|Any CPU
		{5C5FDD61-646B-487F-87B8-AEEFADA08201}.Release|Any CPU.Build.0 = Release|Any CPU
	EndGlobalSection
	GlobalSection(SolutionProperties) = preSolution
		HideSolutionNode = FALSE
	EndGlobalSection
EndGlobal
